dependencies:
- name: backbase-env
  repository: https://repo.backbase.com/backbase-charts
  version: 0.5.51
- name: ips-edge
  repository: https://repo.backbase.com/backbase-charts
  version: 0.10.1
- name: ips-bas-token-converter
  repository: https://repo.backbase.com/backbase-charts
  version: 0.9.1
- name: ips-authentication-dev
  repository: https://repo.backbase.com/backbase-charts
  version: 0.9.0
- name: cxs
  repository: https://repo.backbase.com/backbase-charts
  version: 0.8.0
- name: backbase-operator
  repository: https://backbase.github.io/helm-k8s-local
  version: 0.1.1
digest: sha256:f8530f6ec47210af7602f1071e21c11d22d64c90441adb56bc8e6aff643dad39
generated: "2021-01-22T00:50:14.641562+01:00"
