dependencies:
- name: backbase-env
  repository: https://repo.backbase.com/backbase-charts
  version: 0.5.51
- name: ips-edge
  repository: https://repo.backbase.com/backbase-charts
  version: 0.10.1
- name: cxs-portal
  repository: https://repo.backbase.com/backbase-charts
  version: 0.7.2
- name: cxs-contentservices
  repository: https://repo.backbase.com/backbase-charts
  version: 0.7.0
- name: cxs-provisioning
  repository: https://repo.backbase.com/backbase-charts
  version: 0.7.2
- name: nginx-ingress
  repository: https://helm.nginx.com/stable
  version: 0.7.1
- name: identity
  repository: https://repo.backbase.com/backbase-charts
  version: 0.12.0
digest: sha256:cc66a66d5626f4854c4a5cc05fc7a92f52e172c3a3eab980626f1c3de5d46753
generated: "2021-02-09T18:07:16.1403218+01:00"
