dependencies:
- name: backbase-env
  repository: https://repo.backbase.com/backbase-charts
  version: 0.5.5
- name: ips-edge
  repository: https://repo.backbase.com/backbase-charts
  version: 0.7.0
- name: ips-bas-token-converter
  repository: https://repo.backbase.com/backbase-charts
  version: 0.6.0
- name: ips-authentication-dev
  repository: https://repo.backbase.com/backbase-charts
  version: 0.6.0
- name: cxs
  repository: https://repo.backbase.com/backbase-charts
  version: 0.4.1
- name: backbase-statics
  repository: https://repo.backbase.com/backbase-charts
  version: 0.1.5
digest: sha256:b33e0b712de1501c40a8bff72f8628b2b3159945cfc68d1fcdaa10588fe7e14c
generated: "2020-06-16T03:01:08.2008634+02:00"
